{
    "name": "csskit",
    "version": "1.0.0",
    "lockfileVersion": 2,
    "requires": true,
    "packages": {
        "": {
            "name": "csskit",
            "version": "1.0.0",
            "license": "MIT",
            "bin": {
                "csskit": "bin/csskit"
            },
            "funding": {
                "url": "https://github.com/sponsors/keithamus"
            }
        }
    }
}
